
Microsoft Visual Studio Solution File, Format Version 12.00
# Visual Studio Version 17
VisualStudioVersion = 17.11.35327.3
MinimumVisualStudioVersion = 10.0.40219.1
Project("{FAE04EC0-301F-11D3-BF4B-00C04F79EFBC}") = "ProjectManagementSystem", "ProjectManagementSystem\ProjectManagementSystem.csproj", "{A62C0657-3842-4B31-A1DA-3671ED385FD5}"
EndProject
Global
	GlobalSection(SolutionConfigurationPlatforms) = preSolution
		Debug|Any CPU = Debug|Any CPU
		Release|Any CPU = Release|Any CPU
	EndGlobalSection
	GlobalSection(ProjectConfigurationPlatforms) = postSolution
		{A62C0657-3842-4B31-A1DA-3671ED385FD5}.Debug|Any CPU.ActiveCfg = Debug|Any CPU
		{A62C0657-3842-4B31-A1DA-3671ED385FD5}.Debug|Any CPU.Build.0 = Debug|Any CPU
		{A62C0657-3842-4B31-A1DA-3671ED385FD5}.Release|Any CPU.ActiveCfg = Release|Any CPU
		{A62C0657-3842-4B31-A1DA-3671ED385FD5}.Release|Any CPU.Build.0 = Release|Any CPU
	EndGlobalSection
	GlobalSection(SolutionProperties) = preSolution
		HideSolutionNode = FALSE
	EndGlobalSection
	GlobalSection(ExtensibilityGlobals) = postSolution
		SolutionGuid = {813A73CA-AE5F-46C0-9125-41692D5BA62B}
	EndGlobalSection
EndGlobal
